{
  "name": "FCAlumniAssistant-master",
  "lockfileVersion": 2,
  "requires": true,
  "packages": {
    "": {
      "dependencies": {
        "@vant/weapp": "^1.10.6",
        "lin-ui": "^0.9.12",
        "mobx-miniprogram": "^4.13.2"
      }
    },
    "node_modules/@vant/weapp": {
      "version": "1.10.6",
      "resolved": "https://registry.npmjs.org/@vant/weapp/-/weapp-1.10.6.tgz",
      "integrity": "sha512-1IHuolm/dY91YVismO/8xrLbj0s59O4Hcfo6BNXhD5qpTBH/IcjLXnSJ6KpxzcKe6/lXJ/Z1Kyzy6hqFvmB1Bw=="
    },
    "node_modules/lin-ui": {
      "version": "0.9.12",
      "resolved": "https://registry.npmmirror.com/lin-ui/-/lin-ui-0.9.12.tgz",
      "integrity": "sha512-3eXi4VgkxUbjCra8afVndi+bBi4CUrqhvGKt1p56W2zoZbk0c1ZQogX5mGjMpYrD1P2vPWx1Kw1nGipWog/lug=="
    },
    "node_modules/mobx-miniprogram": {
      "version": "4.13.2",
      "resolved": "https://registry.npmjs.org/mobx-miniprogram/-/mobx-miniprogram-4.13.2.tgz",
      "integrity": "sha512-C3HtkqHCLKp35N2gXA80yFD6PNfSqwioPFmnjTQpBLrEqYm1F6yiWZ57CW+8FqgmR306mw6ZfsM5q7hSTHw8BQ=="
    }
  },
  "dependencies": {
    "@vant/weapp": {
      "version": "1.10.6",
      "resolved": "https://registry.npmjs.org/@vant/weapp/-/weapp-1.10.6.tgz",
      "integrity": "sha512-1IHuolm/dY91YVismO/8xrLbj0s59O4Hcfo6BNXhD5qpTBH/IcjLXnSJ6KpxzcKe6/lXJ/Z1Kyzy6hqFvmB1Bw=="
    },
    "lin-ui": {
      "version": "0.9.12",
      "resolved": "https://registry.npmmirror.com/lin-ui/-/lin-ui-0.9.12.tgz",
      "integrity": "sha512-3eXi4VgkxUbjCra8afVndi+bBi4CUrqhvGKt1p56W2zoZbk0c1ZQogX5mGjMpYrD1P2vPWx1Kw1nGipWog/lug=="
    },
    "mobx-miniprogram": {
      "version": "4.13.2",
      "resolved": "https://registry.npmjs.org/mobx-miniprogram/-/mobx-miniprogram-4.13.2.tgz",
      "integrity": "sha512-C3HtkqHCLKp35N2gXA80yFD6PNfSqwioPFmnjTQpBLrEqYm1F6yiWZ57CW+8FqgmR306mw6ZfsM5q7hSTHw8BQ=="
    }
  }
}
